
Microsoft Visual Studio Solution File, Format Version 12.00
# Visual Studio Version 17
VisualStudioVersion = 17.5.33627.172
MinimumVisualStudioVersion = 10.0.40219.1
Project("{FAE04EC0-301F-11D3-BF4B-00C04F79EFBC}") = "AppQuanLi", "AppQuanLi\AppQuanLi.csproj", "{6CB16389-CF35-4A02-819A-F9794D97FED5}"
EndProject
Global
	GlobalSection(SolutionConfigurationPlatforms) = preSolution
		Debug|Any CPU = Debug|Any CPU
		Release|Any CPU = Release|Any CPU
	EndGlobalSection
	GlobalSection(ProjectConfigurationPlatforms) = postSolution
		{6CB16389-CF35-4A02-819A-F9794D97FED5}.Debug|Any CPU.ActiveCfg = Debug|Any CPU
		{6CB16389-CF35-4A02-819A-F9794D97FED5}.Debug|Any CPU.Build.0 = Debug|Any CPU
		{6CB16389-CF35-4A02-819A-F9794D97FED5}.Release|Any CPU.ActiveCfg = Release|Any CPU
		{6CB16389-CF35-4A02-819A-F9794D97FED5}.Release|Any CPU.Build.0 = Release|Any CPU
	EndGlobalSection
	GlobalSection(SolutionProperties) = preSolution
		HideSolutionNode = FALSE
	EndGlobalSection
	GlobalSection(ExtensibilityGlobals) = postSolution
		SolutionGuid = {329C26E5-DCF4-48C3-A243-2AE4E0587C69}
	EndGlobalSection
EndGlobal
